<?xml version="1.0" encoding="utf-8"?>
<Project ToolsVersion="4.0" xmlns="http://schemas.microsoft.com/developer/msbuild/2003">
  <ItemGroup>
    <ClCompile Include="dsp_functions.cpp" />
    <ClCompile Include="dspButterworthCo.cpp" />
    <ClCompile Include="dspFilterAlpha.cpp" />
    <ClCompile Include="dspFilterButterworth.cpp" />
    <ClCompile Include="dspFilterFilters.cpp" />
    <ClCompile Include="dspFilterStatistics.cpp" />
    <ClCompile Include="dspHistory_init.cpp" />
    <ClCompile Include="dspHistory_read.cpp" />
    <ClCompile Include="dspHistory_write.cpp" />
    <ClCompile Include="dspHistoryAlphaFilter.cpp" />
    <ClCompile Include="dspHistoryConverters.cpp" />
    <ClCompile Include="dspHistoryFilterCausal.cpp" />
    <ClCompile Include="dspHistoryFilterCDiffBase.cpp" />
    <ClCompile Include="dspHistoryFilterCDiffHolob.cpp" />
    <ClCompile Include="dspHistoryFilterCDiffIdentity.cpp" />
    <ClCompile Include="dspHistoryFilterCDiffSavGol.cpp" />
    <ClCompile Include="dspHistoryFilterNoncausal.cpp" />
    <ClCompile Include="dspHistoryFilterOperator_XY.cpp" />
    <ClCompile Include="dspHistoryFilterOperator_XY12.cpp" />
    <ClCompile Include="dspHistoryFilterParms.cpp" />
    <ClCompile Include="dspHistoryGaussNoise.cpp" />
    <ClCompile Include="dspHistoryGenBase.cpp" />
    <ClCompile Include="dspHistoryGenerator.cpp" />
    <ClCompile Include="dspHistoryGenParms.cpp" />
    <ClCompile Include="dspHistoryGenRandWave.cpp" />
    <ClCompile Include="dspHistoryGenSinWave.cpp" />
    <ClCompile Include="dspHistoryGenStep.cpp" />
    <ClCompile Include="dspHistoryGenZero.cpp" />
    <ClCompile Include="dspHistoryLoopClock.cpp" />
    <ClCompile Include="dspHistoryStatistics.cpp" />
    <ClCompile Include="dspHistoryTextFile.cpp" />
    <ClCompile Include="dspLut.cpp" />
    <ClCompile Include="dspPdw.cpp" />
    <ClCompile Include="dspPdwFreeList.cpp" />
    <ClCompile Include="dspPdwSequence.cpp" />
    <ClCompile Include="dspPdwTextFile.cpp" />
    <ClCompile Include="dspRootFinder.cpp" />
    <ClCompile Include="dspRVector.cpp" />
    <ClCompile Include="dspSample.cpp" />
    <ClCompile Include="dspSignal.cpp" />
    <ClCompile Include="dspStatistics_calc.cpp" />
    <ClCompile Include="dspStatistics_log.cpp" />
    <ClCompile Include="dspStatistics_show.cpp" />
    <ClCompile Include="dspStatistics2.cpp" />
    <ClCompile Include="dspTextFile.cpp" />
    <ClCompile Include="dspThreeAxisAngle.cpp" />
    <ClCompile Include="dspThreeMatrix.cpp" />
    <ClCompile Include="dspThreeVector.cpp" />
    <ClCompile Include="stdafx.cpp" />
  </ItemGroup>
  <ItemGroup>
    <ClInclude Include="dsp_functions.h" />
    <ClInclude Include="dsp_math.h" />
    <ClInclude Include="dspButterworthCo.h" />
    <ClInclude Include="dspFilterAlpha.h" />
    <ClInclude Include="dspFilterButterworth.h" />
    <ClInclude Include="dspFilterFilters.h" />
    <ClInclude Include="dspFilterStatistics.h" />
    <ClInclude Include="dspFunctionObject.h" />
    <ClInclude Include="dspHistory.h" />
    <ClInclude Include="dspHistoryAlphaFilter.h" />
    <ClInclude Include="dspHistoryConverters.h" />
    <ClInclude Include="dspHistoryFilterCausal.h" />
    <ClInclude Include="dspHistoryFilterCDiffBase.h" />
    <ClInclude Include="dspHistoryFilterCDiffHolob.h" />
    <ClInclude Include="dspHistoryFilterCDiffIdentity.h" />
    <ClInclude Include="dspHistoryFilterCDiffSavGol.h" />
    <ClInclude Include="dspHistoryFilterNoncausal.h" />
    <ClInclude Include="dspHistoryFilterOperator.h" />
    <ClInclude Include="dspHistoryFilterParms.h" />
    <ClInclude Include="dspHistoryGaussNoise.h" />
    <ClInclude Include="dspHistoryGenBase.h" />
    <ClInclude Include="dspHistoryGenerator.h" />
    <ClInclude Include="dspHistoryGenParms.h" />
    <ClInclude Include="dspHistoryGenRandWave.h" />
    <ClInclude Include="dspHistoryGenSinWave.h" />
    <ClInclude Include="dspHistoryGenStep.h" />
    <ClInclude Include="dspHistoryGenZero.h" />
    <ClInclude Include="dspHistoryLoopClock.h" />
    <ClInclude Include="dspHistoryStatistics.h" />
    <ClInclude Include="dspHistoryTextFile.h" />
    <ClInclude Include="dspLut.h" />
    <ClInclude Include="dspPdw.h" />
    <ClInclude Include="dspPdwFreeList.h" />
    <ClInclude Include="dspPdwSequence.h" />
    <ClInclude Include="dspPdwTextFile.h" />
    <ClInclude Include="dspRootFinder.h" />
    <ClInclude Include="dspRootFinderTwo.h" />
    <ClInclude Include="dspRVector.h" />
    <ClInclude Include="dspSample.h" />
    <ClInclude Include="dspSignal.h" />
    <ClInclude Include="dspStatistics.h" />
    <ClInclude Include="dspStatistics2.h" />
    <ClInclude Include="dspTextFile.h" />
    <ClInclude Include="dspThreeAxisAngle.h" />
    <ClInclude Include="dspThreeMath.h" />
    <ClInclude Include="dspThreeMatrix.h" />
    <ClInclude Include="dspThreeVector.h" />
    <ClInclude Include="stdafx.h" />
  </ItemGroup>
</Project>