
Microsoft Visual Studio Solution File, Format Version 12.00
# Visual Studio 15
VisualStudioVersion = 15.0.28010.2003
MinimumVisualStudioVersion = 10.0.40219.1
Project("{8BC9CEB8-8B4A-11D0-8D11-00A0C91BC942}") = "Test", "Test\Test.vcxproj", "{D0235EC2-758D-42BF-AEF4-C35D82D52171}"
EndProject
Project("{8BC9CEB8-8B4A-11D0-8D11-00A0C91BC942}") = "DspLib", "DspLib\DspLib.vcxproj", "{CCFC2875-6793-4DB9-8650-F048D2846544}"
EndProject
Global
	GlobalSection(SolutionConfigurationPlatforms) = preSolution
		Debug|ARM = Debug|ARM
		Debug|ARM64 = Debug|ARM64
		Debug|x64 = Debug|x64
		Debug|x86 = Debug|x86
		Release|ARM = Release|ARM
		Release|ARM64 = Release|ARM64
		Release|x64 = Release|x64
		Release|x86 = Release|x86
	EndGlobalSection
	GlobalSection(ProjectConfigurationPlatforms) = postSolution
		{D0235EC2-758D-42BF-AEF4-C35D82D52171}.Debug|ARM.ActiveCfg = Debug|ARM
		{D0235EC2-758D-42BF-AEF4-C35D82D52171}.Debug|ARM.Build.0 = Debug|ARM
		{D0235EC2-758D-42BF-AEF4-C35D82D52171}.Debug|ARM64.ActiveCfg = Debug|ARM64
		{D0235EC2-758D-42BF-AEF4-C35D82D52171}.Debug|ARM64.Build.0 = Debug|ARM64
		{D0235EC2-758D-42BF-AEF4-C35D82D52171}.Debug|x64.ActiveCfg = Debug|x64
		{D0235EC2-758D-42BF-AEF4-C35D82D52171}.Debug|x64.Build.0 = Debug|x64
		{D0235EC2-758D-42BF-AEF4-C35D82D52171}.Debug|x86.ActiveCfg = Debug|x86
		{D0235EC2-758D-42BF-AEF4-C35D82D52171}.Debug|x86.Build.0 = Debug|x86
		{D0235EC2-758D-42BF-AEF4-C35D82D52171}.Release|ARM.ActiveCfg = Release|ARM
		{D0235EC2-758D-42BF-AEF4-C35D82D52171}.Release|ARM.Build.0 = Release|ARM
		{D0235EC2-758D-42BF-AEF4-C35D82D52171}.Release|ARM64.ActiveCfg = Release|ARM64
		{D0235EC2-758D-42BF-AEF4-C35D82D52171}.Release|ARM64.Build.0 = Release|ARM64
		{D0235EC2-758D-42BF-AEF4-C35D82D52171}.Release|x64.ActiveCfg = Release|x64
		{D0235EC2-758D-42BF-AEF4-C35D82D52171}.Release|x64.Build.0 = Release|x64
		{D0235EC2-758D-42BF-AEF4-C35D82D52171}.Release|x86.ActiveCfg = Release|x86
		{D0235EC2-758D-42BF-AEF4-C35D82D52171}.Release|x86.Build.0 = Release|x86
		{CCFC2875-6793-4DB9-8650-F048D2846544}.Debug|ARM.ActiveCfg = Debug|ARM
		{CCFC2875-6793-4DB9-8650-F048D2846544}.Debug|ARM.Build.0 = Debug|ARM
		{CCFC2875-6793-4DB9-8650-F048D2846544}.Debug|ARM64.ActiveCfg = Debug|ARM64
		{CCFC2875-6793-4DB9-8650-F048D2846544}.Debug|ARM64.Build.0 = Debug|ARM64
		{CCFC2875-6793-4DB9-8650-F048D2846544}.Debug|x64.ActiveCfg = Debug|x64
		{CCFC2875-6793-4DB9-8650-F048D2846544}.Debug|x64.Build.0 = Debug|x64
		{CCFC2875-6793-4DB9-8650-F048D2846544}.Debug|x86.ActiveCfg = Debug|x86
		{CCFC2875-6793-4DB9-8650-F048D2846544}.Debug|x86.Build.0 = Debug|x86
		{CCFC2875-6793-4DB9-8650-F048D2846544}.Release|ARM.ActiveCfg = Release|ARM
		{CCFC2875-6793-4DB9-8650-F048D2846544}.Release|ARM.Build.0 = Release|ARM
		{CCFC2875-6793-4DB9-8650-F048D2846544}.Release|ARM64.ActiveCfg = Release|ARM64
		{CCFC2875-6793-4DB9-8650-F048D2846544}.Release|ARM64.Build.0 = Release|ARM64
		{CCFC2875-6793-4DB9-8650-F048D2846544}.Release|x64.ActiveCfg = Release|x64
		{CCFC2875-6793-4DB9-8650-F048D2846544}.Release|x64.Build.0 = Release|x64
		{CCFC2875-6793-4DB9-8650-F048D2846544}.Release|x86.ActiveCfg = Release|x86
		{CCFC2875-6793-4DB9-8650-F048D2846544}.Release|x86.Build.0 = Release|x86
	EndGlobalSection
	GlobalSection(SolutionProperties) = preSolution
		HideSolutionNode = FALSE
	EndGlobalSection
	GlobalSection(ExtensibilityGlobals) = postSolution
		SolutionGuid = {12FE052C-AB21-43AB-A920-9598A1194DD8}
	EndGlobalSection
EndGlobal
